
Microsoft Visual Studio Solution File, Format Version 12.00
# Visual Studio Version 17
VisualStudioVersion = 17.8.34330.188
MinimumVisualStudioVersion = 10.0.40219.1
Project("{FAE04EC0-301F-11D3-BF4B-00C04F79EFBC}") = "MeetingRoomBookingApiTests", "MeetingRoomBookingApiTests\MeetingRoomBookingApiTests.csproj", "{16314FD6-3429-45C7-91D2-17B8582BCA64}"
EndProject
Global
	GlobalSection(SolutionConfigurationPlatforms) = preSolution
		Debug|Any CPU = Debug|Any CPU
		Release|Any CPU = Release|Any CPU
	EndGlobalSection
	GlobalSection(ProjectConfigurationPlatforms) = postSolution
		{16314FD6-3429-45C7-91D2-17B8582BCA64}.Debug|Any CPU.ActiveCfg = Debug|Any CPU
		{16314FD6-3429-45C7-91D2-17B8582BCA64}.Debug|Any CPU.Build.0 = Debug|Any CPU
		{16314FD6-3429-45C7-91D2-17B8582BCA64}.Release|Any CPU.ActiveCfg = Release|Any CPU
		{16314FD6-3429-45C7-91D2-17B8582BCA64}.Release|Any CPU.Build.0 = Release|Any CPU
	EndGlobalSection
	GlobalSection(SolutionProperties) = preSolution
		HideSolutionNode = FALSE
	EndGlobalSection
	GlobalSection(ExtensibilityGlobals) = postSolution
		SolutionGuid = {31D0F908-EE0E-4D54-9CCD-9188E4B7AC54}
	EndGlobalSection
EndGlobal
